{
  "name": "test-performance-json-parse-stream",
  "version": "1.0.0",
  "lockfileVersion": 2,
  "requires": true,
  "packages": {
    "": {
      "version": "1.0.0",
      "license": "ISC",
      "dependencies": {
        "@types/clarinet": "^0.12.1",
        "bass-clarinet": "^0.77.5",
        "clarinet": "^0.12.4",
        "jsonparse": "^1.3.1",
        "stream-json": "^1.7.2"
      }
    },
    "node_modules/@types/clarinet": {
      "version": "0.12.1",
      "resolved": "https://registry.npmjs.org/@types/clarinet/-/clarinet-0.12.1.tgz",
      "integrity": "sha512-nnH5zU9u9aASDJ166WEOxMCxAypGS0VM9xEoBOFBaF2jQ57RIEnh59mkBmaEtEdw/pMFWfHvH6WduZXl1zlEpA==",
      "dependencies": {
        "@types/node": "*"
      }
    },
    "node_modules/@types/node": {
      "version": "16.6.2",
      "resolved": "https://registry.npmjs.org/@types/node/-/node-16.6.2.tgz",
      "integrity": "sha512-LSw8TZt12ZudbpHc6EkIyDM3nHVWKYrAvGy6EAJfNfjusbwnThqjqxUKKRwuV3iWYeW/LYMzNgaq3MaLffQ2xA=="
    },
    "node_modules/bass-clarinet": {
      "version": "0.77.5",
      "resolved": "https://registry.npmjs.org/bass-clarinet/-/bass-clarinet-0.77.5.tgz",
      "integrity": "sha512-NE5PreADG+1zQDo3NbNMTfQRpvBeVZzLk0alIwOKkQEQV2EYMDtRu4XowwKXD5dqrH5OK3+u0dUUcM1sIkJRGw==",
      "dependencies": {
        "fountain-pen": "^3.5.4",
        "pareto": "^0.51.1"
      },
      "bin": {
        "astn-normalize": "bin/normalizeFile.mjs",
        "astn-prettyprint": "bin/prettyPrint.mjs",
        "astn-to-json": "bin/toJSON.mjs"
      },
      "engines": {
        "chrome": ">=16.0.912",
        "firefox": ">=0.8.0",
        "node": ">=8.0.0"
      }
    },
    "node_modules/clarinet": {
      "version": "0.12.4",
      "resolved": "https://registry.npmjs.org/clarinet/-/clarinet-0.12.4.tgz",
      "integrity": "sha512-Rx9Zw8KQkoPO3/O2yPRchCZm3cGubCQiRLmmFAlbkDKobUIPP3JYul+bKILR9DIv1gSVwPQSgF8JGGkXzX8Q0w==",
      "engines": {
        "chrome": ">=16.0.912",
        "firefox": ">=0.8.0",
        "node": ">=0.3.6"
      }
    },
    "node_modules/fountain-pen": {
      "version": "3.5.4",
      "resolved": "https://registry.npmjs.org/fountain-pen/-/fountain-pen-3.5.4.tgz",
      "integrity": "sha512-TtV1bjxUKAHRADXnxR/eOuzqcZSFr1aNsANMzD4RqkI+JBWKkujQI3yhfHmwct9a1YNwZQy1y0yA6hl5/0uimg==",
      "dependencies": {
        "pareto": "^0.51.1"
      }
    },
    "node_modules/jsonparse": {
      "version": "1.3.1",
      "resolved": "https://registry.npmjs.org/jsonparse/-/jsonparse-1.3.1.tgz",
      "integrity": "sha1-P02uSpH6wxX3EGL4UhzCOfE2YoA=",
      "engines": [
        "node >= 0.2.0"
      ]
    },
    "node_modules/pareto": {
      "version": "0.51.1",
      "resolved": "https://registry.npmjs.org/pareto/-/pareto-0.51.1.tgz",
      "integrity": "sha512-JlJUdQJqakRPm3CSkz6oxQ6gfjXTa9qv2cLt6fUCzo/i5Tk07euIR0OEAHgoKZsupqFBUblT81RLOAw2cs8YsA==",
      "dependencies": {
        "pareto-20": "^0.25.3"
      }
    },
    "node_modules/pareto-20": {
      "version": "0.25.3",
      "resolved": "https://registry.npmjs.org/pareto-20/-/pareto-20-0.25.3.tgz",
      "integrity": "sha512-4F3J+RuZTRHmWIJxMqGy4OfHIPzlYMr7eDFLlJURFYmoGYnKq5yazFJgaUVHvZGe+8SwHlDMqS6fE4wYJn+Jdw==",
      "dependencies": {
        "pareto-api": "^11.0.1"
      }
    },
    "node_modules/pareto-api": {
      "version": "11.0.1",
      "resolved": "https://registry.npmjs.org/pareto-api/-/pareto-api-11.0.1.tgz",
      "integrity": "sha512-tTVfH2W7Gt5cyc7L27BszKWSjaGcXQv1D7Tn4kUgggvtKB2iYLf84/zy0z3uPcOSwbJ0MPWvfhzGkor5gVNNTg=="
    },
    "node_modules/stream-chain": {
      "version": "2.2.4",
      "resolved": "https://registry.npmjs.org/stream-chain/-/stream-chain-2.2.4.tgz",
      "integrity": "sha512-9lsl3YM53V5N/I1C2uJtc3Kavyi3kNYN83VkKb/bMWRk7D9imiFyUPYa0PoZbLohSVOX1mYE9YsmwObZUsth6Q=="
    },
    "node_modules/stream-json": {
      "version": "1.7.2",
      "resolved": "https://registry.npmjs.org/stream-json/-/stream-json-1.7.2.tgz",
      "integrity": "sha512-Z/33BkkInF6AIxJqwTjQkb6GLIxDEZEHolDLhalf5mwLCTkfwCzV7NQ5xIISkYt/S0GZCjJ0aofYeKmxJTvsFw==",
      "dependencies": {
        "stream-chain": "^2.2.4"
      }
    }
  },
  "dependencies": {
    "@types/clarinet": {
      "version": "0.12.1",
      "resolved": "https://registry.npmjs.org/@types/clarinet/-/clarinet-0.12.1.tgz",
      "integrity": "sha512-nnH5zU9u9aASDJ166WEOxMCxAypGS0VM9xEoBOFBaF2jQ57RIEnh59mkBmaEtEdw/pMFWfHvH6WduZXl1zlEpA==",
      "requires": {
        "@types/node": "*"
      }
    },
    "@types/node": {
      "version": "16.6.2",
      "resolved": "https://registry.npmjs.org/@types/node/-/node-16.6.2.tgz",
      "integrity": "sha512-LSw8TZt12ZudbpHc6EkIyDM3nHVWKYrAvGy6EAJfNfjusbwnThqjqxUKKRwuV3iWYeW/LYMzNgaq3MaLffQ2xA=="
    },
    "bass-clarinet": {
      "version": "0.77.5",
      "resolved": "https://registry.npmjs.org/bass-clarinet/-/bass-clarinet-0.77.5.tgz",
      "integrity": "sha512-NE5PreADG+1zQDo3NbNMTfQRpvBeVZzLk0alIwOKkQEQV2EYMDtRu4XowwKXD5dqrH5OK3+u0dUUcM1sIkJRGw==",
      "requires": {
        "fountain-pen": "^3.5.4",
        "pareto": "^0.51.1"
      }
    },
    "clarinet": {
      "version": "0.12.4",
      "resolved": "https://registry.npmjs.org/clarinet/-/clarinet-0.12.4.tgz",
      "integrity": "sha512-Rx9Zw8KQkoPO3/O2yPRchCZm3cGubCQiRLmmFAlbkDKobUIPP3JYul+bKILR9DIv1gSVwPQSgF8JGGkXzX8Q0w=="
    },
    "fountain-pen": {
      "version": "3.5.4",
      "resolved": "https://registry.npmjs.org/fountain-pen/-/fountain-pen-3.5.4.tgz",
      "integrity": "sha512-TtV1bjxUKAHRADXnxR/eOuzqcZSFr1aNsANMzD4RqkI+JBWKkujQI3yhfHmwct9a1YNwZQy1y0yA6hl5/0uimg==",
      "requires": {
        "pareto": "^0.51.1"
      }
    },
    "jsonparse": {
      "version": "1.3.1",
      "resolved": "https://registry.npmjs.org/jsonparse/-/jsonparse-1.3.1.tgz",
      "integrity": "sha1-P02uSpH6wxX3EGL4UhzCOfE2YoA="
    },
    "pareto": {
      "version": "0.51.1",
      "resolved": "https://registry.npmjs.org/pareto/-/pareto-0.51.1.tgz",
      "integrity": "sha512-JlJUdQJqakRPm3CSkz6oxQ6gfjXTa9qv2cLt6fUCzo/i5Tk07euIR0OEAHgoKZsupqFBUblT81RLOAw2cs8YsA==",
      "requires": {
        "pareto-20": "^0.25.3"
      }
    },
    "pareto-20": {
      "version": "0.25.3",
      "resolved": "https://registry.npmjs.org/pareto-20/-/pareto-20-0.25.3.tgz",
      "integrity": "sha512-4F3J+RuZTRHmWIJxMqGy4OfHIPzlYMr7eDFLlJURFYmoGYnKq5yazFJgaUVHvZGe+8SwHlDMqS6fE4wYJn+Jdw==",
      "requires": {
        "pareto-api": "^11.0.1"
      }
    },
    "pareto-api": {
      "version": "11.0.1",
      "resolved": "https://registry.npmjs.org/pareto-api/-/pareto-api-11.0.1.tgz",
      "integrity": "sha512-tTVfH2W7Gt5cyc7L27BszKWSjaGcXQv1D7Tn4kUgggvtKB2iYLf84/zy0z3uPcOSwbJ0MPWvfhzGkor5gVNNTg=="
    },
    "stream-chain": {
      "version": "2.2.4",
      "resolved": "https://registry.npmjs.org/stream-chain/-/stream-chain-2.2.4.tgz",
      "integrity": "sha512-9lsl3YM53V5N/I1C2uJtc3Kavyi3kNYN83VkKb/bMWRk7D9imiFyUPYa0PoZbLohSVOX1mYE9YsmwObZUsth6Q=="
    },
    "stream-json": {
      "version": "1.7.2",
      "resolved": "https://registry.npmjs.org/stream-json/-/stream-json-1.7.2.tgz",
      "integrity": "sha512-Z/33BkkInF6AIxJqwTjQkb6GLIxDEZEHolDLhalf5mwLCTkfwCzV7NQ5xIISkYt/S0GZCjJ0aofYeKmxJTvsFw==",
      "requires": {
        "stream-chain": "^2.2.4"
      }
    }
  }
}
